
Microsoft Visual Studio Solution File, Format Version 12.00
# Visual Studio 14
VisualStudioVersion = 14.0.25420.1
MinimumVisualStudioVersion = 10.0.40219.1
Project("{FAE04EC0-301F-11D3-BF4B-00C04F79EFBC}") = "Unity.ExecutionScope", "Unity.ExecutionScope\Unity.ExecutionScope.csproj", "{433ABC28-40EC-44C8-9F96-F09F56F5CA1F}"
EndProject
Project("{FAE04EC0-301F-11D3-BF4B-00C04F79EFBC}") = "Unity.ExternalContext", "Unity.ExternalContext\Unity.ExternalContext.csproj", "{EC1FA5BB-62DA-407B-A4F5-882BBE7AE8AD}"
EndProject
Global
	GlobalSection(SolutionConfigurationPlatforms) = preSolution
		Debug|Any CPU = Debug|Any CPU
		Release|Any CPU = Release|Any CPU
	EndGlobalSection
	GlobalSection(ProjectConfigurationPlatforms) = postSolution
		{433ABC28-40EC-44C8-9F96-F09F56F5CA1F}.Debug|Any CPU.ActiveCfg = Debug|Any CPU
		{433ABC28-40EC-44C8-9F96-F09F56F5CA1F}.Debug|Any CPU.Build.0 = Debug|Any CPU
		{433ABC28-40EC-44C8-9F96-F09F56F5CA1F}.Release|Any CPU.ActiveCfg = Release|Any CPU
		{433ABC28-40EC-44C8-9F96-F09F56F5CA1F}.Release|Any CPU.Build.0 = Release|Any CPU
		{EC1FA5BB-62DA-407B-A4F5-882BBE7AE8AD}.Debug|Any CPU.ActiveCfg = Debug|Any CPU
		{EC1FA5BB-62DA-407B-A4F5-882BBE7AE8AD}.Debug|Any CPU.Build.0 = Debug|Any CPU
		{EC1FA5BB-62DA-407B-A4F5-882BBE7AE8AD}.Release|Any CPU.ActiveCfg = Release|Any CPU
		{EC1FA5BB-62DA-407B-A4F5-882BBE7AE8AD}.Release|Any CPU.Build.0 = Release|Any CPU
	EndGlobalSection
	GlobalSection(SolutionProperties) = preSolution
		HideSolutionNode = FALSE
	EndGlobalSection
EndGlobal
